{
  "name": "videochatru-extension",
  "lockfileVersion": 3,
  "requires": true,
  "packages": {
    "": {
      "dependencies": {
        "debounce-async": "^0.0.2"
      }
    },
    "node_modules/debounce-async": {
      "version": "0.0.2",
      "resolved": "https://registry.npmjs.org/debounce-async/-/debounce-async-0.0.2.tgz",
      "integrity": "sha512-iSDXfVl3aVGmukEnBQshFAzooCsKdZb1KmdbivsY4zeFEzT9IfEQdys1/wHIZovXZskF6MQpstnMOxQojLVjsw==",
      "license": "MIT"
    }
  }
}
